
Microsoft Visual Studio Solution File, Format Version 12.00
# Visual Studio Version 17
VisualStudioVersion = 17.8.34330.188
MinimumVisualStudioVersion = 10.0.40219.1
Project("{FAE04EC0-301F-11D3-BF4B-00C04F79EFBC}") = "HomeOutlays", "HomeOutlays.csproj", "{87F74007-1148-42D5-A0F1-CE9DAA801734}"
EndProject
Global
	GlobalSection(SolutionConfigurationPlatforms) = preSolution
		Debug|Any CPU = Debug|Any CPU
		Release|Any CPU = Release|Any CPU
	EndGlobalSection
	GlobalSection(ProjectConfigurationPlatforms) = postSolution
		{87F74007-1148-42D5-A0F1-CE9DAA801734}.Debug|Any CPU.ActiveCfg = Debug|Any CPU
		{87F74007-1148-42D5-A0F1-CE9DAA801734}.Debug|Any CPU.Build.0 = Debug|Any CPU
		{87F74007-1148-42D5-A0F1-CE9DAA801734}.Release|Any CPU.ActiveCfg = Release|Any CPU
		{87F74007-1148-42D5-A0F1-CE9DAA801734}.Release|Any CPU.Build.0 = Release|Any CPU
	EndGlobalSection
	GlobalSection(SolutionProperties) = preSolution
		HideSolutionNode = FALSE
	EndGlobalSection
	GlobalSection(ExtensibilityGlobals) = postSolution
		SolutionGuid = {53D7A32D-1242-4B78-93FA-37D23C5D36BC}
	EndGlobalSection
EndGlobal
